
Microsoft Visual Studio Solution File, Format Version 12.00
# Visual Studio 2013
VisualStudioVersion = 12.0.31101.0
MinimumVisualStudioVersion = 10.0.40219.1
Project("{FAE04EC0-301F-11D3-BF4B-00C04F79EFBC}") = "SignalsCSharp .NET 4.5", "signals .Net 4.5\SignalsCSharp .NET 4.5.csproj", "{2D80964F-A6DE-40F9-90F0-7953168E3321}"
EndProject
Project("{FAE04EC0-301F-11D3-BF4B-00C04F79EFBC}") = "SignalsCSharp .NET 3.5", "signals .Net 3.5\SignalsCSharp .NET 3.5.csproj", "{20C8DCD7-30DA-4405-B2AC-59AB43194287}"
EndProject
Project("{FAE04EC0-301F-11D3-BF4B-00C04F79EFBC}") = "SignalsCSharp .NET 4.5 Universal Apps", "sgnals .NET 4.5 Universal Apps\SignalsCSharp .NET 4.5 Universal Apps\SignalsCSharp .NET 4.5 Universal Apps.csproj", "{F3430E3E-A211-4E28-86FA-B6CF32055437}"
EndProject
Global
	GlobalSection(SolutionConfigurationPlatforms) = preSolution
		Debug|Any CPU = Debug|Any CPU
		Release|Any CPU = Release|Any CPU
	EndGlobalSection
	GlobalSection(ProjectConfigurationPlatforms) = postSolution
		{2D80964F-A6DE-40F9-90F0-7953168E3321}.Debug|Any CPU.ActiveCfg = Debug|Any CPU
		{2D80964F-A6DE-40F9-90F0-7953168E3321}.Debug|Any CPU.Build.0 = Debug|Any CPU
		{2D80964F-A6DE-40F9-90F0-7953168E3321}.Release|Any CPU.ActiveCfg = Release|Any CPU
		{2D80964F-A6DE-40F9-90F0-7953168E3321}.Release|Any CPU.Build.0 = Release|Any CPU
		{20C8DCD7-30DA-4405-B2AC-59AB43194287}.Debug|Any CPU.ActiveCfg = Debug|Any CPU
		{20C8DCD7-30DA-4405-B2AC-59AB43194287}.Debug|Any CPU.Build.0 = Debug|Any CPU
		{20C8DCD7-30DA-4405-B2AC-59AB43194287}.Release|Any CPU.ActiveCfg = Release|Any CPU
		{20C8DCD7-30DA-4405-B2AC-59AB43194287}.Release|Any CPU.Build.0 = Release|Any CPU
		{F3430E3E-A211-4E28-86FA-B6CF32055437}.Debug|Any CPU.ActiveCfg = Debug|Any CPU
		{F3430E3E-A211-4E28-86FA-B6CF32055437}.Debug|Any CPU.Build.0 = Debug|Any CPU
		{F3430E3E-A211-4E28-86FA-B6CF32055437}.Release|Any CPU.ActiveCfg = Release|Any CPU
		{F3430E3E-A211-4E28-86FA-B6CF32055437}.Release|Any CPU.Build.0 = Release|Any CPU
	EndGlobalSection
	GlobalSection(SolutionProperties) = preSolution
		HideSolutionNode = FALSE
	EndGlobalSection
EndGlobal
